
Microsoft Visual Studio Solution File, Format Version 12.00
# Visual Studio Version 17
VisualStudioVersion = 17.11.35303.130
MinimumVisualStudioVersion = 10.0.40219.1
Project("{9A19103F-16F7-4668-BE54-9A1E7A4F7556}") = "Laverie.API", "Backend\Laverie.API.csproj", "{F7B3E1BA-93C2-4117-BD14-D04724DBFC4F}"
EndProject
Project("{9A19103F-16F7-4668-BE54-9A1E7A4F7556}") = "Laverie.Domain", "Laverie.Domain\Laverie.Domain.csproj", "{76488066-F5E8-4A1B-9F90-36AEBBA345AA}"
EndProject
Project("{9A19103F-16F7-4668-BE54-9A1E7A4F7556}") = "Laverie.SimulationApp", "Laverie.SimulationApp\Laverie.SimulationApp.csproj", "{A5F747D5-EDA5-4FB4-B3AE-9C9C35975EF2}"
EndProject
Global
	GlobalSection(SolutionConfigurationPlatforms) = preSolution
		Debug|Any CPU = Debug|Any CPU
		Release|Any CPU = Release|Any CPU
	EndGlobalSection
	GlobalSection(ProjectConfigurationPlatforms) = postSolution
		{F7B3E1BA-93C2-4117-BD14-D04724DBFC4F}.Debug|Any CPU.ActiveCfg = Debug|Any CPU
		{F7B3E1BA-93C2-4117-BD14-D04724DBFC4F}.Debug|Any CPU.Build.0 = Debug|Any CPU
		{F7B3E1BA-93C2-4117-BD14-D04724DBFC4F}.Release|Any CPU.ActiveCfg = Release|Any CPU
		{F7B3E1BA-93C2-4117-BD14-D04724DBFC4F}.Release|Any CPU.Build.0 = Release|Any CPU
		{76488066-F5E8-4A1B-9F90-36AEBBA345AA}.Debug|Any CPU.ActiveCfg = Debug|Any CPU
		{76488066-F5E8-4A1B-9F90-36AEBBA345AA}.Debug|Any CPU.Build.0 = Debug|Any CPU
		{76488066-F5E8-4A1B-9F90-36AEBBA345AA}.Release|Any CPU.ActiveCfg = Release|Any CPU
		{76488066-F5E8-4A1B-9F90-36AEBBA345AA}.Release|Any CPU.Build.0 = Release|Any CPU
		{A5F747D5-EDA5-4FB4-B3AE-9C9C35975EF2}.Debug|Any CPU.ActiveCfg = Debug|Any CPU
		{A5F747D5-EDA5-4FB4-B3AE-9C9C35975EF2}.Debug|Any CPU.Build.0 = Debug|Any CPU
		{A5F747D5-EDA5-4FB4-B3AE-9C9C35975EF2}.Release|Any CPU.ActiveCfg = Release|Any CPU
		{A5F747D5-EDA5-4FB4-B3AE-9C9C35975EF2}.Release|Any CPU.Build.0 = Release|Any CPU
	EndGlobalSection
	GlobalSection(SolutionProperties) = preSolution
		HideSolutionNode = FALSE
	EndGlobalSection
	GlobalSection(ExtensibilityGlobals) = postSolution
		SolutionGuid = {64A45A84-3081-44CF-8DAF-C38389CCC9B5}
	EndGlobalSection
EndGlobal
